// !$*UTF8*$!
{
	archiveVersion = 1;
	classes = {
	};
	objectVersion = 50;
	objects = {

/* Begin PBXBuildFile section */
		49301C9A9BBB8ED8410DA388 /* Pods_PoolParty.framework in Frameworks */ = {isa = PBXBuildFile; fileRef = 656CC5D05FD094E2AFF931E0 /* Pods_PoolParty.framework */; };
		7EA3834722A8AF4700C8CDD6 /* AppDelegate.swift in Sources */ = {isa = PBXBuildFile; fileRef = 7EA3834622A8AF4700C8CDD6 /* AppDelegate.swift */; };
		7EA3834922A8AF4700C8CDD6 /* DriverViewController.swift in Sources */ = {isa = PBXBuildFile; fileRef = 7EA3834822A8AF4700C8CDD6 /* DriverViewController.swift */; };
		7EA3834B22A8AF4700C8CDD6 /* RiderViewController.swift in Sources */ = {isa = PBXBuildFile; fileRef = 7EA3834A22A8AF4700C8CDD6 /* RiderViewController.swift */; };
		7EA3834E22A8AF4700C8CDD6 /* Main.storyboard in Resources */ = {isa = PBXBuildFile; fileRef = 7EA3834C22A8AF4700C8CDD6 /* Main.storyboard */; };
		7EA3835022A8AF4900C8CDD6 /* Assets.xcassets in Resources */ = {isa = PBXBuildFile; fileRef = 7EA3834F22A8AF4900C8CDD6 /* Assets.xcassets */; };
		7EA3835322A8AF4900C8CDD6 /* LaunchScreen.storyboard in Resources */ = {isa = PBXBuildFile; fileRef = 7EA3835122A8AF4900C8CDD6 /* LaunchScreen.storyboard */; };
		7EA3835B22A8B7DC00C8CDD6 /* SignUpViewController.swift in Sources */ = {isa = PBXBuildFile; fileRef = 7EA3835A22A8B7DC00C8CDD6 /* SignUpViewController.swift */; };
/* End PBXBuildFile section */

/* Begin PBXFileReference section */
		21822D96504FD8B3A5AAD03F /* Pods-PoolParty.release.xcconfig */ = {isa = PBXFileReference; includeInIndex = 1; lastKnownFileType = text.xcconfig; name = "Pods-PoolParty.release.xcconfig"; path = "Pods/Target Support Files/Pods-PoolParty/Pods-PoolParty.release.xcconfig"; sourceTree = "<group>"; };
		656CC5D05FD094E2AFF931E0 /* Pods_PoolParty.framework */ = {isa = PBXFileReference; explicitFileType = wrapper.framework; includeInIndex = 0; path = Pods_PoolParty.framework; sourceTree = BUILT_PRODUCTS_DIR; };
		7EA3834322A8AF4700C8CDD6 /* PoolParty.app */ = {isa = PBXFileReference; explicitFileType = wrapper.application; includeInIndex = 0; path = PoolParty.app; sourceTree = BUILT_PRODUCTS_DIR; };
		7EA3834622A8AF4700C8CDD6 /* AppDelegate.swift */ = {isa = PBXFileReference; lastKnownFileType = sourcecode.swift; path = AppDelegate.swift; sourceTree = "<group>"; };
		7EA3834822A8AF4700C8CDD6 /* DriverViewController.swift */ = {isa = PBXFileReference; lastKnownFileType = sourcecode.swift; path = DriverViewController.swift; sourceTree = "<group>"; };
		7EA3834A22A8AF4700C8CDD6 /* RiderViewController.swift */ = {isa = PBXFileReference; lastKnownFileType = sourcecode.swift; path = RiderViewController.swift; sourceTree = "<group>"; };
		7EA3834D22A8AF4700C8CDD6 /* Base */ = {isa = PBXFileReference; lastKnownFileType = file.storyboard; name = Base; path = Base.lproj/Main.storyboard; sourceTree = "<group>"; };
		7EA3834F22A8AF4900C8CDD6 /* Assets.xcassets */ = {isa = PBXFileReference; lastKnownFileType = folder.assetcatalog; path = Assets.xcassets; sourceTree = "<group>"; };
		7EA3835222A8AF4900C8CDD6 /* Base */ = {isa = PBXFileReference; lastKnownFileType = file.storyboard; name = Base; path = Base.lproj/LaunchScreen.storyboard; sourceTree = "<group>"; };
		7EA3835422A8AF4900C8CDD6 /* Info.plist */ = {isa = PBXFileReference; lastKnownFileType = text.plist.xml; path = Info.plist; sourceTree = "<group>"; };
		7EA3835A22A8B7DC00C8CDD6 /* SignUpViewController.swift */ = {isa = PBXFileReference; lastKnownFileType = sourcecode.swift; path = SignUpViewController.swift; sourceTree = "<group>"; };
		CA1B026CB2F6F79EE302F274 /* Pods-PoolParty.debug.xcconfig */ = {isa = PBXFileReference; includeInIndex = 1; lastKnownFileType = text.xcconfig; name = "Pods-PoolParty.debug.xcconfig"; path = "Pods/Target Support Files/Pods-PoolParty/Pods-PoolParty.debug.xcconfig"; sourceTree = "<group>"; };
/* End PBXFileReference section */

/* Begin PBXFrameworksBuildPhase section */
		7EA3834022A8AF4700C8CDD6 /* Frameworks */ = {
			isa = PBXFrameworksBuildPhase;
			buildActionMask = 2147483647;
			files = (
				49301C9A9BBB8ED8410DA388 /* Pods_PoolParty.framework in Frameworks */,
			);
			runOnlyForDeploymentPostprocessing = 0;
		};
/* End PBXFrameworksBuildPhase section */

/* Begin PBXGroup section */
		41B90466BA394EB6E5528F2D /* Pods */ = {
			isa = PBXGroup;
			children = (
				CA1B026CB2F6F79EE302F274 /* Pods-PoolParty.debug.xcconfig */,
				21822D96504FD8B3A5AAD03F /* Pods-PoolParty.release.xcconfig */,
			);
			name = Pods;
			sourceTree = "<group>";
		};
		7EA3833A22A8AF4700C8CDD6 = {
			isa = PBXGroup;
			children = (
				7EA3834522A8AF4700C8CDD6 /* PoolParty */,
				7EA3834422A8AF4700C8CDD6 /* Products */,
				41B90466BA394EB6E5528F2D /* Pods */,
				E018AD96BB100CD083A6533B /* Frameworks */,
			);
			sourceTree = "<group>";
		};
		7EA3834422A8AF4700C8CDD6 /* Products */ = {
			isa = PBXGroup;
			children = (
				7EA3834322A8AF4700C8CDD6 /* PoolParty.app */,
			);
			name = Products;
			sourceTree = "<group>";
		};
		7EA3834522A8AF4700C8CDD6 /* PoolParty */ = {
			isa = PBXGroup;
			children = (
				7EA3834622A8AF4700C8CDD6 /* AppDelegate.swift */,
				7EA3835A22A8B7DC00C8CDD6 /* SignUpViewController.swift */,
				7EA3834822A8AF4700C8CDD6 /* DriverViewController.swift */,
				7EA3834A22A8AF4700C8CDD6 /* RiderViewController.swift */,
				7EA3834C22A8AF4700C8CDD6 /* Main.storyboard */,
				7EA3834F22A8AF4900C8CDD6 /* Assets.xcassets */,
				7EA3835122A8AF4900C8CDD6 /* LaunchScreen.storyboard */,
				7EA3835422A8AF4900C8CDD6 /* Info.plist */,
			);
			path = PoolParty;
			sourceTree = "<group>";
		};
		E018AD96BB100CD083A6533B /* Frameworks */ = {
			isa = PBXGroup;
			children = (
				656CC5D05FD094E2AFF931E0 /* Pods_PoolParty.framework */,
			);
			name = Frameworks;
			sourceTree = "<group>";
		};
/* End PBXGroup section */

/* Begin PBXNativeTarget section */
		7EA3834222A8AF4700C8CDD6 /* PoolParty */ = {
			isa = PBXNativeTarget;
			buildConfigurationList = 7EA3835722A8AF4900C8CDD6 /* Build configuration list for PBXNativeTarget "PoolParty" */;
			buildPhases = (
				1AAFEA5F91427411078EDF55 /* [CP] Check Pods Manifest.lock */,
				7EA3833F22A8AF4700C8CDD6 /* Sources */,
				7EA3834022A8AF4700C8CDD6 /* Frameworks */,
				7EA3834122A8AF4700C8CDD6 /* Resources */,
				F47E9490145B7F8226490E11 /* [CP] Copy Pods Resources */,
			);
			buildRules = (
			);
			dependencies = (
			);
			name = PoolParty;
			productName = PoolParty;
			productReference = 7EA3834322A8AF4700C8CDD6 /* PoolParty.app */;
			productType = "com.apple.product-type.application";
		};
/* End PBXNativeTarget section */

/* Begin PBXProject section */
		7EA3833B22A8AF4700C8CDD6 /* Project object */ = {
			isa = PBXProject;
			attributes = {
				LastSwiftUpdateCheck = 1020;
				LastUpgradeCheck = 1020;
				ORGANIZATIONNAME = "Allen Application Design";
				TargetAttributes = {
					7EA3834222A8AF4700C8CDD6 = {
						CreatedOnToolsVersion = 10.2.1;
					};
				};
			};
			buildConfigurationList = 7EA3833E22A8AF4700C8CDD6 /* Build configuration list for PBXProject "PoolParty" */;
			compatibilityVersion = "Xcode 9.3";
			developmentRegion = en;
			hasScannedForEncodings = 0;
			knownRegions = (
				en,
				Base,
			);
			mainGroup = 7EA3833A22A8AF4700C8CDD6;
			productRefGroup = 7EA3834422A8AF4700C8CDD6 /* Products */;
			projectDirPath = "";
			projectRoot = "";
			targets = (
				7EA3834222A8AF4700C8CDD6 /* PoolParty */,
			);
		};
/* End PBXProject section */

/* Begin PBXResourcesBuildPhase section */
		7EA3834122A8AF4700C8CDD6 /* Resources */ = {
			isa = PBXResourcesBuildPhase;
			buildActionMask = 2147483647;
			files = (
				7EA3835322A8AF4900C8CDD6 /* LaunchScreen.storyboard in Resources */,
				7EA3835022A8AF4900C8CDD6 /* Assets.xcassets in Resources */,
				7EA3834E22A8AF4700C8CDD6 /* Main.storyboard in Resources */,
			);
			runOnlyForDeploymentPostprocessing = 0;
		};
/* End PBXResourcesBuildPhase section */

/* Begin PBXShellScriptBuildPhase section */
		1AAFEA5F91427411078EDF55 /* [CP] Check Pods Manifest.lock */ = {
			isa = PBXShellScriptBuildPhase;
			buildActionMask = 2147483647;
			files = (
			);
			inputFileListPaths = (
			);
			inputPaths = (
				"${PODS_PODFILE_DIR_PATH}/Podfile.lock",
				"${PODS_ROOT}/Manifest.lock",
			);
			name = "[CP] Check Pods Manifest.lock";
			outputFileListPaths = (
			);
			outputPaths = (
				"$(DERIVED_FILE_DIR)/Pods-PoolParty-checkManifestLockResult.txt",
			);
			runOnlyForDeploymentPostprocessing = 0;
			shellPath = /bin/sh;
			shellScript = "diff \"${PODS_PODFILE_DIR_PATH}/Podfile.lock\" \"${PODS_ROOT}/Manifest.lock\" > /dev/null\nif [ $? != 0 ] ; then\n    # print error to STDERR\n    echo \"error: The sandbox is not in sync with the Podfile.lock. Run 'pod install' or update your CocoaPods installation.\" >&2\n    exit 1\nfi\n# This output is used by Xcode 'outputs' to avoid re-running this script phase.\necho \"SUCCESS\" > \"${SCRIPT_OUTPUT_FILE_0}\"\n";
			showEnvVarsInLog = 0;
		};
		F47E9490145B7F8226490E11 /* [CP] Copy Pods Resources */ = {
			isa = PBXShellScriptBuildPhase;
			buildActionMask = 2147483647;
			files = (
			);
			inputFileListPaths = (
			);
			inputPaths = (
				"${SRCROOT}/Pods/Target Support Files/Pods-PoolParty/Pods-PoolParty-resources.sh",
				"${PODS_ROOT}/GoogleMaps/Maps/Frameworks/GoogleMaps.framework/Resources/GoogleMaps.bundle",
				"${PODS_ROOT}/GooglePlaces/Frameworks/GooglePlaces.framework/Resources/GooglePlaces.bundle",
			);
			name = "[CP] Copy Pods Resources";
			outputFileListPaths = (
			);
			outputPaths = (
				"${TARGET_BUILD_DIR}/${UNLOCALIZED_RESOURCES_FOLDER_PATH}/GoogleMaps.bundle",
				"${TARGET_BUILD_DIR}/${UNLOCALIZED_RESOURCES_FOLDER_PATH}/GooglePlaces.bundle",
			);
			runOnlyForDeploymentPostprocessing = 0;
			shellPath = /bin/sh;
			shellScript = "\"${SRCROOT}/Pods/Target Support Files/Pods-PoolParty/Pods-PoolParty-resources.sh\"\n";
			showEnvVarsInLog = 0;
		};
/* End PBXShellScriptBuildPhase section */

/* Begin PBXSourcesBuildPhase section */
		7EA3833F22A8AF4700C8CDD6 /* Sources */ = {
			isa = PBXSourcesBuildPhase;
			buildActionMask = 2147483647;
			files = (
				7EA3834B22A8AF4700C8CDD6 /* RiderViewController.swift in Sources */,
				7EA3834722A8AF4700C8CDD6 /* AppDelegate.swift in Sources */,
				7EA3835B22A8B7DC00C8CDD6 /* SignUpViewController.swift in Sources */,
				7EA3834922A8AF4700C8CDD6 /* DriverViewController.swift in Sources */,
			);
			runOnlyForDeploymentPostprocessing = 0;
		};
/* End PBXSourcesBuildPhase section */

/* Begin PBXVariantGroup section */
		7EA3834C22A8AF4700C8CDD6 /* Main.storyboard */ = {
			isa = PBXVariantGroup;
			children = (
				7EA3834D22A8AF4700C8CDD6 /* Base */,
			);
			name = Main.storyboard;
			sourceTree = "<group>";
		};
		7EA3835122A8AF4900C8CDD6 /* LaunchScreen.storyboard */ = {
			isa = PBXVariantGroup;
			children = (
				7EA3835222A8AF4900C8CDD6 /* Base */,
			);
			name = LaunchScreen.storyboard;
			sourceTree = "<group>";
		};
/* End PBXVariantGroup section */

/* Begin XCBuildConfiguration section */
		7EA3835522A8AF4900C8CDD6 /* Debug */ = {
			isa = XCBuildConfiguration;
			buildSettings = {
				ALWAYS_SEARCH_USER_PATHS = NO;
				CLANG_ANALYZER_NONNULL = YES;
				CLANG_ANALYZER_NUMBER_OBJECT_CONVERSION = YES_AGGRESSIVE;
				CLANG_CXX_LANGUAGE_STANDARD = "gnu++14";
				CLANG_CXX_LIBRARY = "libc++";
				CLANG_ENABLE_MODULES = YES;
				CLANG_ENABLE_OBJC_ARC = YES;
				CLANG_ENABLE_OBJC_WEAK = YES;
				CLANG_WARN_BLOCK_CAPTURE_AUTORELEASING = YES;
				CLANG_WARN_BOOL_CONVERSION = YES;
				CLANG_WARN_COMMA = YES;
				CLANG_WARN_CONSTANT_CONVERSION = YES;
				CLANG_WARN_DEPRECATED_OBJC_IMPLEMENTATIONS = YES;
				CLANG_WARN_DIRECT_OBJC_ISA_USAGE = YES_ERROR;
				CLANG_WARN_DOCUMENTATION_COMMENTS = YES;
				CLANG_WARN_EMPTY_BODY = YES;
				CLANG_WARN_ENUM_CONVERSION = YES;
				CLANG_WARN_INFINITE_RECURSION = YES;
				CLANG_WARN_INT_CONVERSION = YES;
				CLANG_WARN_NON_LITERAL_NULL_CONVERSION = YES;
				CLANG_WARN_OBJC_IMPLICIT_RETAIN_SELF = YES;
				CLANG_WARN_OBJC_LITERAL_CONVERSION = YES;
				CLANG_WARN_OBJC_ROOT_CLASS = YES_ERROR;
				CLANG_WARN_RANGE_LOOP_ANALYSIS = YES;
				CLANG_WARN_STRICT_PROTOTYPES = YES;
				CLANG_WARN_SUSPICIOUS_MOVE = YES;
				CLANG_WARN_UNGUARDED_AVAILABILITY = YES_AGGRESSIVE;
				CLANG_WARN_UNREACHABLE_CODE = YES;
				CLANG_WARN__DUPLICATE_METHOD_MATCH = YES;
				CODE_SIGN_IDENTITY = "iPhone Developer";
				COPY_PHASE_STRIP = NO;
				DEBUG_INFORMATION_FORMAT = dwarf;
				ENABLE_STRICT_OBJC_MSGSEND = YES;
				ENABLE_TESTABILITY = YES;
				GCC_C_LANGUAGE_STANDARD = gnu11;
				GCC_DYNAMIC_NO_PIC = NO;
				GCC_NO_COMMON_BLOCKS = YES;
				GCC_OPTIMIZATION_LEVEL = 0;
				GCC_PREPROCESSOR_DEFINITIONS = (
					"DEBUG=1",
					"$(inherited)",
				);
				GCC_WARN_64_TO_32_BIT_CONVERSION = YES;
				GCC_WARN_ABOUT_RETURN_TYPE = YES_ERROR;
				GCC_WARN_UNDECLARED_SELECTOR = YES;
				GCC_WARN_UNINITIALIZED_AUTOS = YES_AGGRESSIVE;
				GCC_WARN_UNUSED_FUNCTION = YES;
				GCC_WARN_UNUSED_VARIABLE = YES;
				IPHONEOS_DEPLOYMENT_TARGET = 12.2;
				MTL_ENABLE_DEBUG_INFO = INCLUDE_SOURCE;
				MTL_FAST_MATH = YES;
				ONLY_ACTIVE_ARCH = YES;
				SDKROOT = iphoneos;
				SWIFT_ACTIVE_COMPILATION_CONDITIONS = DEBUG;
				SWIFT_OPTIMIZATION_LEVEL = "-Onone";
			};
			name = Debug;
		};
		7EA3835622A8AF4900C8CDD6 /* Release */ = {
			isa = XCBuildConfiguration;
			buildSettings = {
				ALWAYS_SEARCH_USER_PATHS = NO;
				CLANG_ANALYZER_NONNULL = YES;
				CLANG_ANALYZER_NUMBER_OBJECT_CONVERSION = YES_AGGRESSIVE;
				CLANG_CXX_LANGUAGE_STANDARD = "gnu++14";
				CLANG_CXX_LIBRARY = "libc++";
				CLANG_ENABLE_MODULES = YES;
				CLANG_ENABLE_OBJC_ARC = YES;
				CLANG_ENABLE_OBJC_WEAK = YES;
				CLANG_WARN_BLOCK_CAPTURE_AUTORELEASING = YES;
				CLANG_WARN_BOOL_CONVERSION = YES;
				CLANG_WARN_COMMA = YES;
				CLANG_WARN_CONSTANT_CONVERSION = YES;
				CLANG_WARN_DEPRECATED_OBJC_IMPLEMENTATIONS = YES;
				CLANG_WARN_DIRECT_OBJC_ISA_USAGE = YES_ERROR;
				CLANG_WARN_DOCUMENTATION_COMMENTS = YES;
				CLANG_WARN_EMPTY_BODY = YES;
				CLANG_WARN_ENUM_CONVERSION = YES;
				CLANG_WARN_INFINITE_RECURSION = YES;
				CLANG_WARN_INT_CONVERSION = YES;
				CLANG_WARN_NON_LITERAL_NULL_CONVERSION = YES;
				CLANG_WARN_OBJC_IMPLICIT_RETAIN_SELF = YES;
				CLANG_WARN_OBJC_LITERAL_CONVERSION = YES;
				CLANG_WARN_OBJC_ROOT_CLASS = YES_ERROR;
				CLANG_WARN_RANGE_LOOP_ANALYSIS = YES;
				CLANG_WARN_STRICT_PROTOTYPES = YES;
				CLANG_WARN_SUSPICIOUS_MOVE = YES;
				CLANG_WARN_UNGUARDED_AVAILABILITY = YES_AGGRESSIVE;
				CLANG_WARN_UNREACHABLE_CODE = YES;
				CLANG_WARN__DUPLICATE_METHOD_MATCH = YES;
				CODE_SIGN_IDENTITY = "iPhone Developer";
				COPY_PHASE_STRIP = NO;
				DEBUG_INFORMATION_FORMAT = "dwarf-with-dsym";
				ENABLE_NS_ASSERTIONS = NO;
				ENABLE_STRICT_OBJC_MSGSEND = YES;
				GCC_C_LANGUAGE_STANDARD = gnu11;
				GCC_NO_COMMON_BLOCKS = YES;
				GCC_WARN_64_TO_32_BIT_CONVERSION = YES;
				GCC_WARN_ABOUT_RETURN_TYPE = YES_ERROR;
				GCC_WARN_UNDECLARED_SELECTOR = YES;
				GCC_WARN_UNINITIALIZED_AUTOS = YES_AGGRESSIVE;
				GCC_WARN_UNUSED_FUNCTION = YES;
				GCC_WARN_UNUSED_VARIABLE = YES;
				IPHONEOS_DEPLOYMENT_TARGET = 12.2;
				MTL_ENABLE_DEBUG_INFO = NO;
				MTL_FAST_MATH = YES;
				SDKROOT = iphoneos;
				SWIFT_COMPILATION_MODE = wholemodule;
				SWIFT_OPTIMIZATION_LEVEL = "-O";
				VALIDATE_PRODUCT = YES;
			};
			name = Release;
		};
		7EA3835822A8AF4900C8CDD6 /* Debug */ = {
			isa = XCBuildConfiguration;
			baseConfigurationReference = CA1B026CB2F6F79EE302F274 /* Pods-PoolParty.debug.xcconfig */;
			buildSettings = {
				ASSETCATALOG_COMPILER_APPICON_NAME = AppIcon;
				CODE_SIGN_STYLE = Automatic;
				DEVELOPMENT_TEAM = A4Q4T2M25C;
				INFOPLIST_FILE = PoolParty/Info.plist;
				LD_RUNPATH_SEARCH_PATHS = (
					"$(inherited)",
					"@executable_path/Frameworks",
				);
				PRODUCT_BUNDLE_IDENTIFIER = com.allenapplicationdesign.PoolParty;
				PRODUCT_NAME = "$(TARGET_NAME)";
				SWIFT_VERSION = 5.0;
				TARGETED_DEVICE_FAMILY = "1,2";
			};
			name = Debug;
		};
		7EA3835922A8AF4900C8CDD6 /* Release */ = {
			isa = XCBuildConfiguration;
			baseConfigurationReference = 21822D96504FD8B3A5AAD03F /* Pods-PoolParty.release.xcconfig */;
			buildSettings = {
				ASSETCATALOG_COMPILER_APPICON_NAME = AppIcon;
				CODE_SIGN_STYLE = Automatic;
				DEVELOPMENT_TEAM = A4Q4T2M25C;
				INFOPLIST_FILE = PoolParty/Info.plist;
				LD_RUNPATH_SEARCH_PATHS = (
					"$(inherited)",
					"@executable_path/Frameworks",
				);
				PRODUCT_BUNDLE_IDENTIFIER = com.allenapplicationdesign.PoolParty;
				PRODUCT_NAME = "$(TARGET_NAME)";
				SWIFT_VERSION = 5.0;
				TARGETED_DEVICE_FAMILY = "1,2";
			};
			name = Release;
		};
/* End XCBuildConfiguration section */

/* Begin XCConfigurationList section */
		7EA3833E22A8AF4700C8CDD6 /* Build configuration list for PBXProject "PoolParty" */ = {
			isa = XCConfigurationList;
			buildConfigurations = (
				7EA3835522A8AF4900C8CDD6 /* Debug */,
				7EA3835622A8AF4900C8CDD6 /* Release */,
			);
			defaultConfigurationIsVisible = 0;
			defaultConfigurationName = Release;
		};
		7EA3835722A8AF4900C8CDD6 /* Build configuration list for PBXNativeTarget "PoolParty" */ = {
			isa = XCConfigurationList;
			buildConfigurations = (
				7EA3835822A8AF4900C8CDD6 /* Debug */,
				7EA3835922A8AF4900C8CDD6 /* Release */,
			);
			defaultConfigurationIsVisible = 0;
			defaultConfigurationName = Release;
		};
/* End XCConfigurationList section */
	};
	rootObject = 7EA3833B22A8AF4700C8CDD6 /* Project object */;
}
